
Microsoft Visual Studio Solution File, Format Version 12.00
# Visual Studio Version 17
VisualStudioVersion = 17.4.33403.182
MinimumVisualStudioVersion = 10.0.40219.1
Project("{FAE04EC0-301F-11D3-BF4B-00C04F79EFBC}") = "Classes", "Classes\Classes.csproj", "{833250A5-7C3F-4642-AF7C-5A2DEE06BFAB}"
EndProject
Global
	GlobalSection(SolutionConfigurationPlatforms) = preSolution
		Debug|Any CPU = Debug|Any CPU
		Release|Any CPU = Release|Any CPU
	EndGlobalSection
	GlobalSection(ProjectConfigurationPlatforms) = postSolution
		{833250A5-7C3F-4642-AF7C-5A2DEE06BFAB}.Debug|Any CPU.ActiveCfg = Debug|Any CPU
		{833250A5-7C3F-4642-AF7C-5A2DEE06BFAB}.Debug|Any CPU.Build.0 = Debug|Any CPU
		{833250A5-7C3F-4642-AF7C-5A2DEE06BFAB}.Release|Any CPU.ActiveCfg = Release|Any CPU
		{833250A5-7C3F-4642-AF7C-5A2DEE06BFAB}.Release|Any CPU.Build.0 = Release|Any CPU
	EndGlobalSection
	GlobalSection(SolutionProperties) = preSolution
		HideSolutionNode = FALSE
	EndGlobalSection
	GlobalSection(ExtensibilityGlobals) = postSolution
		SolutionGuid = {E9E0E838-AB69-40FA-9ADA-99DD636F4149}
	EndGlobalSection
EndGlobal
